
Microsoft Visual Studio Solution File, Format Version 12.00
# Visual Studio Version 17
VisualStudioVersion = 17.3.32929.385
MinimumVisualStudioVersion = 10.0.40219.1
Project("{FAE04EC0-301F-11D3-BF4B-00C04F79EFBC}") = "VanicK", "src/VanicK.csproj", "{D232D347-062C-4181-9D7B-1C4022298041}"
EndProject
Global
	GlobalSection(SolutionConfigurationPlatforms) = preSolution
		Debug|Any CPU = Debug|Any CPU
		Release|Any CPU = Release|Any CPU
	EndGlobalSection
	GlobalSection(ProjectConfigurationPlatforms) = postSolution
		{D232D347-062C-4181-9D7B-1C4022298041}.Debug|Any CPU.ActiveCfg = Debug|Any CPU
		{D232D347-062C-4181-9D7B-1C4022298041}.Debug|Any CPU.Build.0 = Debug|Any CPU
		{D232D347-062C-4181-9D7B-1C4022298041}.Release|Any CPU.ActiveCfg = Release|Any CPU
		{D232D347-062C-4181-9D7B-1C4022298041}.Release|Any CPU.Build.0 = Release|Any CPU
	EndGlobalSection
	GlobalSection(SolutionProperties) = preSolution
		HideSolutionNode = FALSE
	EndGlobalSection
	GlobalSection(ExtensibilityGlobals) = postSolution
		SolutionGuid = {5AAF616D-F81B-490E-9F4D-22A5CC1D7962}
	EndGlobalSection
EndGlobal
